// !$*UTF8*$!
{
	archiveVersion = 1;
	classes = {
	};
	objectVersion = 50;
	objects = {

/* Begin PBXBuildFile section */
		368FA8EF254EC07D0061F28F /* AppDelegate.swift in Sources */ = {isa = PBXBuildFile; fileRef = 368FA8EE254EC07D0061F28F /* AppDelegate.swift */; };
		368FA8F1254EC07D0061F28F /* SceneDelegate.swift in Sources */ = {isa = PBXBuildFile; fileRef = 368FA8F0254EC07D0061F28F /* SceneDelegate.swift */; };
		368FA8F6254EC07D0061F28F /* Main.storyboard in Resources */ = {isa = PBXBuildFile; fileRef = 368FA8F4254EC07D0061F28F /* Main.storyboard */; };
		368FA8F8254EC07F0061F28F /* Assets.xcassets in Resources */ = {isa = PBXBuildFile; fileRef = 368FA8F7254EC07F0061F28F /* Assets.xcassets */; };
		368FA8FB254EC07F0061F28F /* LaunchScreen.storyboard in Resources */ = {isa = PBXBuildFile; fileRef = 368FA8F9254EC07F0061F28F /* LaunchScreen.storyboard */; };
		36C1C10825585CF900F1D570 /* Income.storyboard in Resources */ = {isa = PBXBuildFile; fileRef = 36C1C10725585CF900F1D570 /* Income.storyboard */; };
		36C1C10F25585D4C00F1D570 /* Graph.storyboard in Resources */ = {isa = PBXBuildFile; fileRef = 36C1C10E25585D4C00F1D570 /* Graph.storyboard */; };
		36C1C1142558611E00F1D570 /* MainViewController.swift in Sources */ = {isa = PBXBuildFile; fileRef = 368FA8F2254EC07D0061F28F /* MainViewController.swift */; };
		CA437147CDB9A4C6DADBEA2E /* Pods_skillbox_cash.framework in Frameworks */ = {isa = PBXBuildFile; fileRef = 609108508A881533912E8C1C /* Pods_skillbox_cash.framework */; };
/* End PBXBuildFile section */

/* Begin PBXFileReference section */
		368FA8EB254EC07D0061F28F /* skillbox_cash.app */ = {isa = PBXFileReference; explicitFileType = wrapper.application; includeInIndex = 0; path = skillbox_cash.app; sourceTree = BUILT_PRODUCTS_DIR; };
		368FA8EE254EC07D0061F28F /* AppDelegate.swift */ = {isa = PBXFileReference; lastKnownFileType = sourcecode.swift; path = AppDelegate.swift; sourceTree = "<group>"; };
		368FA8F0254EC07D0061F28F /* SceneDelegate.swift */ = {isa = PBXFileReference; lastKnownFileType = sourcecode.swift; path = SceneDelegate.swift; sourceTree = "<group>"; };
		368FA8F2254EC07D0061F28F /* MainViewController.swift */ = {isa = PBXFileReference; lastKnownFileType = sourcecode.swift; path = MainViewController.swift; sourceTree = "<group>"; };
		368FA8F5254EC07D0061F28F /* Base */ = {isa = PBXFileReference; lastKnownFileType = file.storyboard; name = Base; path = Base.lproj/Main.storyboard; sourceTree = "<group>"; };
		368FA8F7254EC07F0061F28F /* Assets.xcassets */ = {isa = PBXFileReference; lastKnownFileType = folder.assetcatalog; path = Assets.xcassets; sourceTree = "<group>"; };
		368FA8FA254EC07F0061F28F /* Base */ = {isa = PBXFileReference; lastKnownFileType = file.storyboard; name = Base; path = Base.lproj/LaunchScreen.storyboard; sourceTree = "<group>"; };
		368FA8FC254EC07F0061F28F /* Info.plist */ = {isa = PBXFileReference; lastKnownFileType = text.plist.xml; path = Info.plist; sourceTree = "<group>"; };
		36C1C10725585CF900F1D570 /* Income.storyboard */ = {isa = PBXFileReference; lastKnownFileType = file.storyboard; path = Income.storyboard; sourceTree = "<group>"; };
		36C1C10E25585D4C00F1D570 /* Graph.storyboard */ = {isa = PBXFileReference; lastKnownFileType = file.storyboard; path = Graph.storyboard; sourceTree = "<group>"; };
		45455D3CEE72BF224B5E2438 /* Pods-skillbox_cash.debug.xcconfig */ = {isa = PBXFileReference; includeInIndex = 1; lastKnownFileType = text.xcconfig; name = "Pods-skillbox_cash.debug.xcconfig"; path = "Target Support Files/Pods-skillbox_cash/Pods-skillbox_cash.debug.xcconfig"; sourceTree = "<group>"; };
		609108508A881533912E8C1C /* Pods_skillbox_cash.framework */ = {isa = PBXFileReference; explicitFileType = wrapper.framework; includeInIndex = 0; path = Pods_skillbox_cash.framework; sourceTree = BUILT_PRODUCTS_DIR; };
		6AC362A3EA454E1FF0A03BE9 /* Pods-skillbox_cash.release.xcconfig */ = {isa = PBXFileReference; includeInIndex = 1; lastKnownFileType = text.xcconfig; name = "Pods-skillbox_cash.release.xcconfig"; path = "Target Support Files/Pods-skillbox_cash/Pods-skillbox_cash.release.xcconfig"; sourceTree = "<group>"; };
/* End PBXFileReference section */

/* Begin PBXFrameworksBuildPhase section */
		368FA8E8254EC07D0061F28F /* Frameworks */ = {
			isa = PBXFrameworksBuildPhase;
			buildActionMask = 2147483647;
			files = (
				CA437147CDB9A4C6DADBEA2E /* Pods_skillbox_cash.framework in Frameworks */,
			);
			runOnlyForDeploymentPostprocessing = 0;
		};
/* End PBXFrameworksBuildPhase section */

/* Begin PBXGroup section */
		1CB322CCA0E0F5AAE4EAE6C4 /* Frameworks */ = {
			isa = PBXGroup;
			children = (
				609108508A881533912E8C1C /* Pods_skillbox_cash.framework */,
			);
			name = Frameworks;
			sourceTree = "<group>";
		};
		368FA8E2254EC07D0061F28F = {
			isa = PBXGroup;
			children = (
				368FA8ED254EC07D0061F28F /* skillbox_cash */,
				368FA8EC254EC07D0061F28F /* Products */,
				E2AC222FE80C4D2ABA6CB359 /* Pods */,
				1CB322CCA0E0F5AAE4EAE6C4 /* Frameworks */,
			);
			sourceTree = "<group>";
		};
		368FA8EC254EC07D0061F28F /* Products */ = {
			isa = PBXGroup;
			children = (
				368FA8EB254EC07D0061F28F /* skillbox_cash.app */,
			);
			name = Products;
			sourceTree = "<group>";
		};
		368FA8ED254EC07D0061F28F /* skillbox_cash */ = {
			isa = PBXGroup;
			children = (
				368FA8EE254EC07D0061F28F /* AppDelegate.swift */,
				368FA8F0254EC07D0061F28F /* SceneDelegate.swift */,
				368FA8F2254EC07D0061F28F /* MainViewController.swift */,
				368FA8F4254EC07D0061F28F /* Main.storyboard */,
				36C1C10E25585D4C00F1D570 /* Graph.storyboard */,
				36C1C10725585CF900F1D570 /* Income.storyboard */,
				368FA8F7254EC07F0061F28F /* Assets.xcassets */,
				368FA8F9254EC07F0061F28F /* LaunchScreen.storyboard */,
				368FA8FC254EC07F0061F28F /* Info.plist */,
			);
			path = skillbox_cash;
			sourceTree = "<group>";
		};
		E2AC222FE80C4D2ABA6CB359 /* Pods */ = {
			isa = PBXGroup;
			children = (
				45455D3CEE72BF224B5E2438 /* Pods-skillbox_cash.debug.xcconfig */,
				6AC362A3EA454E1FF0A03BE9 /* Pods-skillbox_cash.release.xcconfig */,
			);
			name = Pods;
			path = Pods;
			sourceTree = "<group>";
		};
/* End PBXGroup section */

/* Begin PBXNativeTarget section */
		368FA8EA254EC07D0061F28F /* skillbox_cash */ = {
			isa = PBXNativeTarget;
			buildConfigurationList = 368FA8FF254EC07F0061F28F /* Build configuration list for PBXNativeTarget "skillbox_cash" */;
			buildPhases = (
				2392CAD16FB99A5FAF5AF8DA /* [CP] Check Pods Manifest.lock */,
				368FA8E7254EC07D0061F28F /* Sources */,
				368FA8E8254EC07D0061F28F /* Frameworks */,
				368FA8E9254EC07D0061F28F /* Resources */,
				A50F8A660B73815D92AB516F /* [CP] Embed Pods Frameworks */,
			);
			buildRules = (
			);
			dependencies = (
			);
			name = skillbox_cash;
			productName = skillbox_cash;
			productReference = 368FA8EB254EC07D0061F28F /* skillbox_cash.app */;
			productType = "com.apple.product-type.application";
		};
/* End PBXNativeTarget section */

/* Begin PBXProject section */
		368FA8E3254EC07D0061F28F /* Project object */ = {
			isa = PBXProject;
			attributes = {
				LastSwiftUpdateCheck = 1200;
				LastUpgradeCheck = 1200;
				TargetAttributes = {
					368FA8EA254EC07D0061F28F = {
						CreatedOnToolsVersion = 12.0.1;
					};
				};
			};
			buildConfigurationList = 368FA8E6254EC07D0061F28F /* Build configuration list for PBXProject "skillbox_cash" */;
			compatibilityVersion = "Xcode 9.3";
			developmentRegion = en;
			hasScannedForEncodings = 0;
			knownRegions = (
				en,
				Base,
			);
			mainGroup = 368FA8E2254EC07D0061F28F;
			productRefGroup = 368FA8EC254EC07D0061F28F /* Products */;
			projectDirPath = "";
			projectRoot = "";
			targets = (
				368FA8EA254EC07D0061F28F /* skillbox_cash */,
			);
		};
/* End PBXProject section */

/* Begin PBXResourcesBuildPhase section */
		368FA8E9254EC07D0061F28F /* Resources */ = {
			isa = PBXResourcesBuildPhase;
			buildActionMask = 2147483647;
			files = (
				368FA8FB254EC07F0061F28F /* LaunchScreen.storyboard in Resources */,
				368FA8F8254EC07F0061F28F /* Assets.xcassets in Resources */,
				36C1C10F25585D4C00F1D570 /* Graph.storyboard in Resources */,
				368FA8F6254EC07D0061F28F /* Main.storyboard in Resources */,
				36C1C10825585CF900F1D570 /* Income.storyboard in Resources */,
			);
			runOnlyForDeploymentPostprocessing = 0;
		};
/* End PBXResourcesBuildPhase section */

/* Begin PBXShellScriptBuildPhase section */
		2392CAD16FB99A5FAF5AF8DA /* [CP] Check Pods Manifest.lock */ = {
			isa = PBXShellScriptBuildPhase;
			buildActionMask = 2147483647;
			files = (
			);
			inputFileListPaths = (
			);
			inputPaths = (
				"${PODS_PODFILE_DIR_PATH}/Podfile.lock",
				"${PODS_ROOT}/Manifest.lock",
			);
			name = "[CP] Check Pods Manifest.lock";
			outputFileListPaths = (
			);
			outputPaths = (
				"$(DERIVED_FILE_DIR)/Pods-skillbox_cash-checkManifestLockResult.txt",
			);
			runOnlyForDeploymentPostprocessing = 0;
			shellPath = /bin/sh;
			shellScript = "diff \"${PODS_PODFILE_DIR_PATH}/Podfile.lock\" \"${PODS_ROOT}/Manifest.lock\" > /dev/null\nif [ $? != 0 ] ; then\n    # print error to STDERR\n    echo \"error: The sandbox is not in sync with the Podfile.lock. Run 'pod install' or update your CocoaPods installation.\" >&2\n    exit 1\nfi\n# This output is used by Xcode 'outputs' to avoid re-running this script phase.\necho \"SUCCESS\" > \"${SCRIPT_OUTPUT_FILE_0}\"\n";
			showEnvVarsInLog = 0;
		};
		A50F8A660B73815D92AB516F /* [CP] Embed Pods Frameworks */ = {
			isa = PBXShellScriptBuildPhase;
			buildActionMask = 2147483647;
			files = (
			);
			inputFileListPaths = (
				"${PODS_ROOT}/Target Support Files/Pods-skillbox_cash/Pods-skillbox_cash-frameworks-${CONFIGURATION}-input-files.xcfilelist",
			);
			name = "[CP] Embed Pods Frameworks";
			outputFileListPaths = (
				"${PODS_ROOT}/Target Support Files/Pods-skillbox_cash/Pods-skillbox_cash-frameworks-${CONFIGURATION}-output-files.xcfilelist",
			);
			runOnlyForDeploymentPostprocessing = 0;
			shellPath = /bin/sh;
			shellScript = "\"${PODS_ROOT}/Target Support Files/Pods-skillbox_cash/Pods-skillbox_cash-frameworks.sh\"\n";
			showEnvVarsInLog = 0;
		};
/* End PBXShellScriptBuildPhase section */

/* Begin PBXSourcesBuildPhase section */
		368FA8E7254EC07D0061F28F /* Sources */ = {
			isa = PBXSourcesBuildPhase;
			buildActionMask = 2147483647;
			files = (
				36C1C1142558611E00F1D570 /* MainViewController.swift in Sources */,
				368FA8EF254EC07D0061F28F /* AppDelegate.swift in Sources */,
				368FA8F1254EC07D0061F28F /* SceneDelegate.swift in Sources */,
			);
			runOnlyForDeploymentPostprocessing = 0;
		};
/* End PBXSourcesBuildPhase section */

/* Begin PBXVariantGroup section */
		368FA8F4254EC07D0061F28F /* Main.storyboard */ = {
			isa = PBXVariantGroup;
			children = (
				368FA8F5254EC07D0061F28F /* Base */,
			);
			name = Main.storyboard;
			sourceTree = "<group>";
		};
		368FA8F9254EC07F0061F28F /* LaunchScreen.storyboard */ = {
			isa = PBXVariantGroup;
			children = (
				368FA8FA254EC07F0061F28F /* Base */,
			);
			name = LaunchScreen.storyboard;
			sourceTree = "<group>";
		};
/* End PBXVariantGroup section */

/* Begin XCBuildConfiguration section */
		368FA8FD254EC07F0061F28F /* Debug */ = {
			isa = XCBuildConfiguration;
			buildSettings = {
				ALWAYS_SEARCH_USER_PATHS = NO;
				CLANG_ANALYZER_NONNULL = YES;
				CLANG_ANALYZER_NUMBER_OBJECT_CONVERSION = YES_AGGRESSIVE;
				CLANG_CXX_LANGUAGE_STANDARD = "gnu++14";
				CLANG_CXX_LIBRARY = "libc++";
				CLANG_ENABLE_MODULES = YES;
				CLANG_ENABLE_OBJC_ARC = YES;
				CLANG_ENABLE_OBJC_WEAK = YES;
				CLANG_WARN_BLOCK_CAPTURE_AUTORELEASING = YES;
				CLANG_WARN_BOOL_CONVERSION = YES;
				CLANG_WARN_COMMA = YES;
				CLANG_WARN_CONSTANT_CONVERSION = YES;
				CLANG_WARN_DEPRECATED_OBJC_IMPLEMENTATIONS = YES;
				CLANG_WARN_DIRECT_OBJC_ISA_USAGE = YES_ERROR;
				CLANG_WARN_DOCUMENTATION_COMMENTS = YES;
				CLANG_WARN_EMPTY_BODY = YES;
				CLANG_WARN_ENUM_CONVERSION = YES;
				CLANG_WARN_INFINITE_RECURSION = YES;
				CLANG_WARN_INT_CONVERSION = YES;
				CLANG_WARN_NON_LITERAL_NULL_CONVERSION = YES;
				CLANG_WARN_OBJC_IMPLICIT_RETAIN_SELF = YES;
				CLANG_WARN_OBJC_LITERAL_CONVERSION = YES;
				CLANG_WARN_OBJC_ROOT_CLASS = YES_ERROR;
				CLANG_WARN_QUOTED_INCLUDE_IN_FRAMEWORK_HEADER = YES;
				CLANG_WARN_RANGE_LOOP_ANALYSIS = YES;
				CLANG_WARN_STRICT_PROTOTYPES = YES;
				CLANG_WARN_SUSPICIOUS_MOVE = YES;
				CLANG_WARN_UNGUARDED_AVAILABILITY = YES_AGGRESSIVE;
				CLANG_WARN_UNREACHABLE_CODE = YES;
				CLANG_WARN__DUPLICATE_METHOD_MATCH = YES;
				COPY_PHASE_STRIP = NO;
				DEBUG_INFORMATION_FORMAT = dwarf;
				ENABLE_STRICT_OBJC_MSGSEND = YES;
				ENABLE_TESTABILITY = YES;
				GCC_C_LANGUAGE_STANDARD = gnu11;
				GCC_DYNAMIC_NO_PIC = NO;
				GCC_NO_COMMON_BLOCKS = YES;
				GCC_OPTIMIZATION_LEVEL = 0;
				GCC_PREPROCESSOR_DEFINITIONS = (
					"DEBUG=1",
					"$(inherited)",
				);
				GCC_WARN_64_TO_32_BIT_CONVERSION = YES;
				GCC_WARN_ABOUT_RETURN_TYPE = YES_ERROR;
				GCC_WARN_UNDECLARED_SELECTOR = YES;
				GCC_WARN_UNINITIALIZED_AUTOS = YES_AGGRESSIVE;
				GCC_WARN_UNUSED_FUNCTION = YES;
				GCC_WARN_UNUSED_VARIABLE = YES;
				IPHONEOS_DEPLOYMENT_TARGET = 14.0;
				MTL_ENABLE_DEBUG_INFO = INCLUDE_SOURCE;
				MTL_FAST_MATH = YES;
				ONLY_ACTIVE_ARCH = YES;
				SDKROOT = iphoneos;
				SWIFT_ACTIVE_COMPILATION_CONDITIONS = DEBUG;
				SWIFT_OPTIMIZATION_LEVEL = "-Onone";
			};
			name = Debug;
		};
		368FA8FE254EC07F0061F28F /* Release */ = {
			isa = XCBuildConfiguration;
			buildSettings = {
				ALWAYS_SEARCH_USER_PATHS = NO;
				CLANG_ANALYZER_NONNULL = YES;
				CLANG_ANALYZER_NUMBER_OBJECT_CONVERSION = YES_AGGRESSIVE;
				CLANG_CXX_LANGUAGE_STANDARD = "gnu++14";
				CLANG_CXX_LIBRARY = "libc++";
				CLANG_ENABLE_MODULES = YES;
				CLANG_ENABLE_OBJC_ARC = YES;
				CLANG_ENABLE_OBJC_WEAK = YES;
				CLANG_WARN_BLOCK_CAPTURE_AUTORELEASING = YES;
				CLANG_WARN_BOOL_CONVERSION = YES;
				CLANG_WARN_COMMA = YES;
				CLANG_WARN_CONSTANT_CONVERSION = YES;
				CLANG_WARN_DEPRECATED_OBJC_IMPLEMENTATIONS = YES;
				CLANG_WARN_DIRECT_OBJC_ISA_USAGE = YES_ERROR;
				CLANG_WARN_DOCUMENTATION_COMMENTS = YES;
				CLANG_WARN_EMPTY_BODY = YES;
				CLANG_WARN_ENUM_CONVERSION = YES;
				CLANG_WARN_INFINITE_RECURSION = YES;
				CLANG_WARN_INT_CONVERSION = YES;
				CLANG_WARN_NON_LITERAL_NULL_CONVERSION = YES;
				CLANG_WARN_OBJC_IMPLICIT_RETAIN_SELF = YES;
				CLANG_WARN_OBJC_LITERAL_CONVERSION = YES;
				CLANG_WARN_OBJC_ROOT_CLASS = YES_ERROR;
				CLANG_WARN_QUOTED_INCLUDE_IN_FRAMEWORK_HEADER = YES;
				CLANG_WARN_RANGE_LOOP_ANALYSIS = YES;
				CLANG_WARN_STRICT_PROTOTYPES = YES;
				CLANG_WARN_SUSPICIOUS_MOVE = YES;
				CLANG_WARN_UNGUARDED_AVAILABILITY = YES_AGGRESSIVE;
				CLANG_WARN_UNREACHABLE_CODE = YES;
				CLANG_WARN__DUPLICATE_METHOD_MATCH = YES;
				COPY_PHASE_STRIP = NO;
				DEBUG_INFORMATION_FORMAT = "dwarf-with-dsym";
				ENABLE_NS_ASSERTIONS = NO;
				ENABLE_STRICT_OBJC_MSGSEND = YES;
				GCC_C_LANGUAGE_STANDARD = gnu11;
				GCC_NO_COMMON_BLOCKS = YES;
				GCC_WARN_64_TO_32_BIT_CONVERSION = YES;
				GCC_WARN_ABOUT_RETURN_TYPE = YES_ERROR;
				GCC_WARN_UNDECLARED_SELECTOR = YES;
				GCC_WARN_UNINITIALIZED_AUTOS = YES_AGGRESSIVE;
				GCC_WARN_UNUSED_FUNCTION = YES;
				GCC_WARN_UNUSED_VARIABLE = YES;
				IPHONEOS_DEPLOYMENT_TARGET = 14.0;
				MTL_ENABLE_DEBUG_INFO = NO;
				MTL_FAST_MATH = YES;
				SDKROOT = iphoneos;
				SWIFT_COMPILATION_MODE = wholemodule;
				SWIFT_OPTIMIZATION_LEVEL = "-O";
				VALIDATE_PRODUCT = YES;
			};
			name = Release;
		};
		368FA900254EC07F0061F28F /* Debug */ = {
			isa = XCBuildConfiguration;
			baseConfigurationReference = 45455D3CEE72BF224B5E2438 /* Pods-skillbox_cash.debug.xcconfig */;
			buildSettings = {
				ASSETCATALOG_COMPILER_APPICON_NAME = AppIcon;
				ASSETCATALOG_COMPILER_GLOBAL_ACCENT_COLOR_NAME = AccentColor;
				CODE_SIGN_STYLE = Automatic;
				DEVELOPMENT_TEAM = 5TW24T8NUM;
				INFOPLIST_FILE = skillbox_cash/Info.plist;
				LD_RUNPATH_SEARCH_PATHS = (
					"$(inherited)",
					"@executable_path/Frameworks",
				);
				PRODUCT_BUNDLE_IDENTIFIER = "Lynxy-Dev.skillbox-cash";
				PRODUCT_NAME = "$(TARGET_NAME)";
				SWIFT_VERSION = 5.0;
				TARGETED_DEVICE_FAMILY = "1,2";
			};
			name = Debug;
		};
		368FA901254EC07F0061F28F /* Release */ = {
			isa = XCBuildConfiguration;
			baseConfigurationReference = 6AC362A3EA454E1FF0A03BE9 /* Pods-skillbox_cash.release.xcconfig */;
			buildSettings = {
				ASSETCATALOG_COMPILER_APPICON_NAME = AppIcon;
				ASSETCATALOG_COMPILER_GLOBAL_ACCENT_COLOR_NAME = AccentColor;
				CODE_SIGN_STYLE = Automatic;
				DEVELOPMENT_TEAM = 5TW24T8NUM;
				INFOPLIST_FILE = skillbox_cash/Info.plist;
				LD_RUNPATH_SEARCH_PATHS = (
					"$(inherited)",
					"@executable_path/Frameworks",
				);
				PRODUCT_BUNDLE_IDENTIFIER = "Lynxy-Dev.skillbox-cash";
				PRODUCT_NAME = "$(TARGET_NAME)";
				SWIFT_VERSION = 5.0;
				TARGETED_DEVICE_FAMILY = "1,2";
			};
			name = Release;
		};
/* End XCBuildConfiguration section */

/* Begin XCConfigurationList section */
		368FA8E6254EC07D0061F28F /* Build configuration list for PBXProject "skillbox_cash" */ = {
			isa = XCConfigurationList;
			buildConfigurations = (
				368FA8FD254EC07F0061F28F /* Debug */,
				368FA8FE254EC07F0061F28F /* Release */,
			);
			defaultConfigurationIsVisible = 0;
			defaultConfigurationName = Release;
		};
		368FA8FF254EC07F0061F28F /* Build configuration list for PBXNativeTarget "skillbox_cash" */ = {
			isa = XCConfigurationList;
			buildConfigurations = (
				368FA900254EC07F0061F28F /* Debug */,
				368FA901254EC07F0061F28F /* Release */,
			);
			defaultConfigurationIsVisible = 0;
			defaultConfigurationName = Release;
		};
/* End XCConfigurationList section */
	};
	rootObject = 368FA8E3254EC07D0061F28F /* Project object */;
}
